
Microsoft Visual Studio Solution File, Format Version 12.00
# Visual Studio 15
VisualStudioVersion = 15.0.28307.1169
MinimumVisualStudioVersion = 10.0.40219.1
Project("{888888A0-9F3D-457C-B088-3A5042F75D52}") = "gibddparser", "gibddparser\gibddparser.pyproj", "{DD8DB253-0829-481D-A77E-91B1F330390A}"
EndProject
Global
	GlobalSection(SolutionConfigurationPlatforms) = preSolution
		Debug|Any CPU = Debug|Any CPU
		Release|Any CPU = Release|Any CPU
	EndGlobalSection
	GlobalSection(ProjectConfigurationPlatforms) = postSolution
		{DD8DB253-0829-481D-A77E-91B1F330390A}.Debug|Any CPU.ActiveCfg = Debug|Any CPU
		{DD8DB253-0829-481D-A77E-91B1F330390A}.Release|Any CPU.ActiveCfg = Release|Any CPU
	EndGlobalSection
	GlobalSection(SolutionProperties) = preSolution
		HideSolutionNode = FALSE
	EndGlobalSection
	GlobalSection(ExtensibilityGlobals) = postSolution
		SolutionGuid = {21B0B6EC-58EE-4683-AED7-64A26330B17D}
	EndGlobalSection
EndGlobal
